{
  "version": "5",
  "specifiers": {
    "npm:@types/node@*": "24.2.0",
    "npm:@types/node@^24.3.1": "24.3.1",
    "npm:a@*": "4.0.0",
    "npm:argo@*": "1.0.1",
    "npm:argon2@0.44": "0.44.0",
    "npm:argon@*": "2.0.21_argon-logger@0.1.3_silkrouter@3.6.0",
    "npm:dotenv@^17.2.2": "17.2.2",
    "npm:pg@^8.16.3": "8.16.3",
    "npm:sv@*": "0.9.5",
    "npm:ws@^8.18.3": "8.18.3"
  },
  "npm": {
    "@epic-web/invariant@1.0.0": {
      "integrity": "sha512-lrTPqgvfFQtR/eY/qkIzp98OGdNJu0m5ji3q/nJI8v3SXkRKEnWiOxMmbvcSoAIzv/cGiuvRy57k4suKQSAdwA=="
    },
    "@phc/format@1.0.0": {
      "integrity": "sha512-m7X9U6BG2+J+R1lSOdCiITLLrxm+cWlNI3HUFA92oLO77ObGNzaKdh8pMLqdZcshtkKuV84olNNXDfMc4FezBQ=="
    },
    "@types/node@24.2.0": {
      "integrity": "sha512-3xyG3pMCq3oYCNg7/ZP+E1ooTaGB4cG8JWRsqqOYQdbWNY4zbaV0Ennrd7stjiJEFZCaybcIgpTjJWHRfBSIDw==",
      "dependencies": [
        "undici-types"
      ]
    },
    "@types/node@24.3.1": {
      "integrity": "sha512-3vXmQDXy+woz+gnrTvuvNrPzekOi+Ds0ReMxw0LzBiK3a+1k0kQn9f2NWk+lgD4rJehFUmYy2gMhJ2ZI+7YP9g==",
      "dependencies": [
        "undici-types"
      ]
    },
    "a@4.0.0": {
      "integrity": "sha512-RUq4BToxBYujpFGSopAC7ajZwlo2pdhYHYz0+lN8ZXbq5PMoad79xckGmSFA3C9ynQ57A+cMxVBQtkE5x/OU2g==",
      "dependencies": [
        "a_mock"
      ]
    },
    "a_mock@2.0.0": {
      "integrity": "sha512-amKMMQOHkbGe3RF4fYh2VLRG5zbnhwwnsjt54P0TvRxlxV/1I9wOgPKN4frFTdDEb/vwMRPxuh6rlONsf3GGaw=="
    },
    "abortcontroller-polyfill@1.7.8": {
      "integrity": "sha512-9f1iZ2uWh92VcrU9Y8x+LdM4DLj75VE0MJB8zuF1iUnroEptStw+DQ8EQPMUdfe5k+PkB1uUfDQfWbhstH8LrQ=="
    },
    "argo@1.0.1": {
      "integrity": "sha512-CFj/6An2m6QMo1ft2a0W2b3VAPi9STU0A+Wivs9vKpILq0Lt2255zy6pMObHYnKfBzhRbOyGLiSxNqn+D4X2wg==",
      "dependencies": [
        "methods",
        "pipeworks"
      ]
    },
    "argon-logger@0.1.3": {
      "integrity": "sha512-zajPGq6h4OGiqdvJuiwyV2KjU7CHSA6JaVhYT5jrVUwGmdK50GcQRFSZq88p/wt1pAOEtiD9Ob391heeGuO4sA=="
    },
    "argon2@0.44.0": {
      "integrity": "sha512-zHPGN3S55sihSQo0dBbK0A5qpi2R31z7HZDZnry3ifOyj8bZZnpZND2gpmhnRGO1V/d555RwBqIK5W4Mrmv3ig==",
      "dependencies": [
        "@phc/format",
        "cross-env",
        "node-addon-api",
        "node-gyp-build"
      ],
      "scripts": true
    },
    "argon@2.0.21_argon-logger@0.1.3_silkrouter@3.6.0": {
      "integrity": "sha512-tlJL1Xn9IM74Tw3ewAPUIIwtpwS5n4ntprsw8DkwLzK4zZKXb8NcZFMiOH5Ga9bcPkwV3Z03sW/8oww1m3gvag==",
      "dependencies": [
        "abortcontroller-polyfill",
        "argon-logger",
        "silkrouter",
        "whatwg-fetch"
      ]
    },
    "cross-env@10.0.0": {
      "integrity": "sha512-aU8qlEK/nHYtVuN4p7UQgAwVljzMg8hB4YK5ThRqD2l/ziSnryncPNn7bMLt5cFYsKVKBh8HqLqyCoTupEUu7Q==",
      "dependencies": [
        "@epic-web/invariant",
        "cross-spawn"
      ],
      "bin": true
    },
    "cross-spawn@7.0.6": {
      "integrity": "sha512-uV2QOWP2nWzsy2aMp8aRibhi9dlzF5Hgh5SHaB9OiTGEyDTiJJyx0uy51QXdyWbtAHNua4XJzUKca3OzKUd3vA==",
      "dependencies": [
        "path-key",
        "shebang-command",
        "which"
      ]
    },
    "dotenv@17.2.2": {
      "integrity": "sha512-Sf2LSQP+bOlhKWWyhFsn0UsfdK/kCWRv1iuA2gXAwt3dyNabr6QSj00I2V10pidqz69soatm9ZwZvpQMTIOd5Q=="
    },
    "isexe@2.0.0": {
      "integrity": "sha512-RHxMLp9lnKHGHRng9QFhRCMbYAcVpn69smSGcq3f36xjgVVWThj4qqLbTLlq7Ssj8B+fIQ1EuCEGI2lKsyQeIw=="
    },
    "methods@0.1.0": {
      "integrity": "sha512-N4cn4CbDqu7Fp3AT4z3AsO19calgczhsmCGzXLCiUOrWg9sjb1B+yKFKOrnnPGKKvjyJBmw+k6b3adFN2LbuBw=="
    },
    "node-addon-api@8.5.0": {
      "integrity": "sha512-/bRZty2mXUIFY/xU5HLvveNHlswNJej+RnxBjOMkidWfwZzgTbPG1E3K5TOxRLOR+5hX7bSofy8yf1hZevMS8A=="
    },
    "node-gyp-build@4.8.4": {
      "integrity": "sha512-LA4ZjwlnUblHVgq0oBF3Jl/6h/Nvs5fzBLwdEF4nuxnFdsfajde4WfxtJr3CaiH+F6ewcIB/q4jQ4UzPyid+CQ==",
      "bin": true
    },
    "path-key@3.1.1": {
      "integrity": "sha512-ojmeN0qd+y0jszEtoY48r0Peq5dwMEkIlCOu6Q5f41lfkswXuKtYrhgoTpLnyIcHm24Uhqx+5Tqm2InSwLhE6Q=="
    },
    "pg-cloudflare@1.2.7": {
      "integrity": "sha512-YgCtzMH0ptvZJslLM1ffsY4EuGaU0cx4XSdXLRFae8bPP4dS5xL1tNB3k2o/N64cHJpwU7dxKli/nZ2lUa5fLg=="
    },
    "pg-connection-string@2.9.1": {
      "integrity": "sha512-nkc6NpDcvPVpZXxrreI/FOtX3XemeLl8E0qFr6F2Lrm/I8WOnaWNhIPK2Z7OHpw7gh5XJThi6j6ppgNoaT1w4w=="
    },
    "pg-int8@1.0.1": {
      "integrity": "sha512-WCtabS6t3c8SkpDBUlb1kjOs7l66xsGdKpIPZsg4wR+B3+u9UAum2odSsF9tnvxg80h4ZxLWMy4pRjOsFIqQpw=="
    },
    "pg-pool@3.10.1_pg@8.16.3": {
      "integrity": "sha512-Tu8jMlcX+9d8+QVzKIvM/uJtp07PKr82IUOYEphaWcoBhIYkoHpLXN3qO59nAI11ripznDsEzEv8nUxBVWajGg==",
      "dependencies": [
        "pg"
      ]
    },
    "pg-protocol@1.10.3": {
      "integrity": "sha512-6DIBgBQaTKDJyxnXaLiLR8wBpQQcGWuAESkRBX/t6OwA8YsqP+iVSiond2EDy6Y/dsGk8rh/jtax3js5NeV7JQ=="
    },
    "pg-types@2.2.0": {
      "integrity": "sha512-qTAAlrEsl8s4OiEQY69wDvcMIdQN6wdz5ojQiOy6YRMuynxenON0O5oCpJI6lshc6scgAY8qvJ2On/p+CXY0GA==",
      "dependencies": [
        "pg-int8",
        "postgres-array",
        "postgres-bytea",
        "postgres-date",
        "postgres-interval"
      ]
    },
    "pg@8.16.3": {
      "integrity": "sha512-enxc1h0jA/aq5oSDMvqyW3q89ra6XIIDZgCX9vkMrnz5DFTw/Ny3Li2lFQ+pt3L6MCgm/5o2o8HW9hiJji+xvw==",
      "dependencies": [
        "pg-connection-string",
        "pg-pool",
        "pg-protocol",
        "pg-types",
        "pgpass"
      ],
      "optionalDependencies": [
        "pg-cloudflare"
      ]
    },
    "pgpass@1.0.5": {
      "integrity": "sha512-FdW9r/jQZhSeohs1Z3sI1yxFQNFvMcnmfuj4WBMUTxOrAyLMaTcE1aAMBiTlbMNaXvBCQuVi0R7hd8udDSP7ug==",
      "dependencies": [
        "split2"
      ]
    },
    "pipeworks@1.3.1": {
      "integrity": "sha512-uYpoo8eO3GG37tTsPmYoM3rHOxjXd57zMr/4RwiPYyb3RyZj02rfO14D8ERFbrpuYBJCzDwPYmT23a7N3N3Cow=="
    },
    "postgres-array@2.0.0": {
      "integrity": "sha512-VpZrUqU5A69eQyW2c5CA1jtLecCsN2U/bD6VilrFDWq5+5UIEVO7nazS3TEcHf1zuPYO/sqGvUvW62g86RXZuA=="
    },
    "postgres-bytea@1.0.0": {
      "integrity": "sha512-xy3pmLuQqRBZBXDULy7KbaitYqLcmxigw14Q5sj8QBVLqEwXfeybIKVWiqAXTlcvdvb0+xkOtDbfQMOf4lST1w=="
    },
    "postgres-date@1.0.7": {
      "integrity": "sha512-suDmjLVQg78nMK2UZ454hAG+OAW+HQPZ6n++TNDUX+L0+uUlLywnoxJKDou51Zm+zTCjrCl0Nq6J9C5hP9vK/Q=="
    },
    "postgres-interval@1.2.0": {
      "integrity": "sha512-9ZhXKM/rw350N1ovuWHbGxnGh/SNJ4cnxHiM0rxE4VN41wsg8P8zWn9hv/buK00RP4WvlOyr/RBDiptyxVbkZQ==",
      "dependencies": [
        "xtend"
      ]
    },
    "shebang-command@2.0.0": {
      "integrity": "sha512-kHxr2zZpYtdmrN1qDjrrX/Z1rR1kG8Dx+gkpK1G4eXmvXswmcE1hTWBWYUzlraYw1/yZp6YuDY77YtvbN0dmDA==",
      "dependencies": [
        "shebang-regex"
      ]
    },
    "shebang-regex@3.0.0": {
      "integrity": "sha512-7++dFhtcx3353uBaq8DDR4NuxBetBzC7ZQOhmTQInHEd6bSrXdiEyzCvG07Z44UYdLShWUyXt5M/yhz8ekcb1A=="
    },
    "silkrouter@3.6.0": {
      "integrity": "sha512-o/71K2BZ6nJSr/KL/6iQhoMsl5N9NXOm+TVoKxpQlBSrCrjyJfA8x/JWxEDLJocqAqikDYNXSf5NSA8bP6DVZg=="
    },
    "split2@4.2.0": {
      "integrity": "sha512-UcjcJOWknrNkF6PLX83qcHM6KHgVKNkV62Y8a5uYDVv9ydGQVwAHMKqHdJje1VTWpljG0WYpCDhrCdAOYH4TWg=="
    },
    "sv@0.9.5": {
      "integrity": "sha512-Tz07IxEOhOzTTnk35f/WEXKe/aYyO8EwNDNgwALqrj3V1LaQBRYZxA3GXNXFVTYfiZGV8RHAZFjd9NQ/r7jj7g==",
      "bin": true
    },
    "undici-types@7.10.0": {
      "integrity": "sha512-t5Fy/nfn+14LuOc2KNYg75vZqClpAiqscVvMygNnlsHBFpSXdJaYtXMcdNLpl/Qvc3P2cB3s6lOV51nqsFq4ag=="
    },
    "whatwg-fetch@3.6.20": {
      "integrity": "sha512-EqhiFU6daOA8kpjOWTL0olhVOF3i7OrFzSYiGsEMB8GcXS+RrzauAERX65xMeNWVqxA6HXH2m69Z9LaKKdisfg=="
    },
    "which@2.0.2": {
      "integrity": "sha512-BLI3Tl1TW3Pvl70l3yq3Y64i+awpwXqsGBYWkkqMtnbXgrMD+yj7rhW0kuEDxzJaYXGjEW5ogapKNMEKNMjibA==",
      "dependencies": [
        "isexe"
      ],
      "bin": true
    },
    "ws@8.18.3": {
      "integrity": "sha512-PEIGCY5tSlUt50cqyMXfCzX+oOPqN0vuGqWzbcJ2xvnkzkq46oOpz7dQaTDBdfICb4N14+GARUDw2XV2N4tvzg=="
    },
    "xtend@4.0.2": {
      "integrity": "sha512-LKYU1iAXJXUgAXn9URjiu+MWhyUXHsvfp7mcuYm9dSUKK0/CjtrUwFAxD82/mCWbtLsGjFIad0wIsod4zrTAEQ=="
    }
  },
  "workspace": {
    "dependencies": [
      "npm:@types/node@^24.3.1",
      "npm:argon2@0.44",
      "npm:dotenv@^17.2.2",
      "npm:pg@^8.16.3",
      "npm:ws@^8.18.3"
    ]
  }
}
